
Microsoft Visual Studio Solution File, Format Version 12.00
# Visual Studio Version 17
VisualStudioVersion = 17.3.32901.215
MinimumVisualStudioVersion = 10.0.40219.1
Project("{FAE04EC0-301F-11D3-BF4B-00C04F79EFBC}") = "Dagny_Taggart_Job", "Dagny_Taggart_Job\Dagny_Taggart_Job.csproj", "{21DAF02B-6E6D-45C0-A7D3-B815A2C3E387}"
EndProject
Global
	GlobalSection(SolutionConfigurationPlatforms) = preSolution
		Debug|Any CPU = Debug|Any CPU
		Release|Any CPU = Release|Any CPU
	EndGlobalSection
	GlobalSection(ProjectConfigurationPlatforms) = postSolution
		{21DAF02B-6E6D-45C0-A7D3-B815A2C3E387}.Debug|Any CPU.ActiveCfg = Debug|Any CPU
		{21DAF02B-6E6D-45C0-A7D3-B815A2C3E387}.Debug|Any CPU.Build.0 = Debug|Any CPU
		{21DAF02B-6E6D-45C0-A7D3-B815A2C3E387}.Release|Any CPU.ActiveCfg = Release|Any CPU
		{21DAF02B-6E6D-45C0-A7D3-B815A2C3E387}.Release|Any CPU.Build.0 = Release|Any CPU
	EndGlobalSection
	GlobalSection(SolutionProperties) = preSolution
		HideSolutionNode = FALSE
	EndGlobalSection
	GlobalSection(ExtensibilityGlobals) = postSolution
		SolutionGuid = {54DE5C6D-716A-479A-83BA-E4C0203D5EF1}
	EndGlobalSection
EndGlobal
